
Microsoft Visual Studio Solution File, Format Version 12.00
# Visual Studio Version 17
VisualStudioVersion = 17.3.32825.248
MinimumVisualStudioVersion = 10.0.40219.1
Project("{FAE04EC0-301F-11D3-BF4B-00C04F79EFBC}") = "BookApi", "BookApi\BookApi.csproj", "{FF4253B4-666D-48A2-A5B1-0C82191B59F3}"
EndProject
Global
	GlobalSection(SolutionConfigurationPlatforms) = preSolution
		Debug|Any CPU = Debug|Any CPU
		Release|Any CPU = Release|Any CPU
	EndGlobalSection
	GlobalSection(ProjectConfigurationPlatforms) = postSolution
		{FF4253B4-666D-48A2-A5B1-0C82191B59F3}.Debug|Any CPU.ActiveCfg = Debug|Any CPU
		{FF4253B4-666D-48A2-A5B1-0C82191B59F3}.Debug|Any CPU.Build.0 = Debug|Any CPU
		{FF4253B4-666D-48A2-A5B1-0C82191B59F3}.Release|Any CPU.ActiveCfg = Release|Any CPU
		{FF4253B4-666D-48A2-A5B1-0C82191B59F3}.Release|Any CPU.Build.0 = Release|Any CPU
	EndGlobalSection
	GlobalSection(SolutionProperties) = preSolution
		HideSolutionNode = FALSE
	EndGlobalSection
	GlobalSection(ExtensibilityGlobals) = postSolution
		SolutionGuid = {621C2F76-9028-4EEE-8A71-C80BB9523E90}
	EndGlobalSection
EndGlobal
